
Microsoft Visual Studio Solution File, Format Version 12.00
# Visual Studio 15
Project("{FAE04EC0-301F-11D3-BF4B-00C04F79EFBC}") = "travis", "travis.csproj", "{DB6C30ED-558D-ED00-5196-24DBF14EAB02}"
EndProject
Project("{FAE04EC0-301F-11D3-BF4B-00C04F79EFBC}") = "travis.Editor", "travis.Editor.csproj", "{8506A294-377B-BE25-6212-C64E3A507C5D}"
EndProject
Global
	GlobalSection(SolutionConfigurationPlatforms) = preSolution
		Debug|Any CPU = Debug|Any CPU
		Release|Any CPU = Release|Any CPU
	EndGlobalSection
	GlobalSection(ProjectConfigurationPlatforms) = postSolution
		{DB6C30ED-558D-ED00-5196-24DBF14EAB02}.Debug|Any CPU.ActiveCfg = Debug|Any CPU
		{DB6C30ED-558D-ED00-5196-24DBF14EAB02}.Debug|Any CPU.Build.0 = Debug|Any CPU
		{DB6C30ED-558D-ED00-5196-24DBF14EAB02}.Release|Any CPU.ActiveCfg = Release|Any CPU
		{DB6C30ED-558D-ED00-5196-24DBF14EAB02}.Release|Any CPU.Build.0 = Release|Any CPU
		{8506A294-377B-BE25-6212-C64E3A507C5D}.Debug|Any CPU.ActiveCfg = Debug|Any CPU
		{8506A294-377B-BE25-6212-C64E3A507C5D}.Debug|Any CPU.Build.0 = Debug|Any CPU
		{8506A294-377B-BE25-6212-C64E3A507C5D}.Release|Any CPU.ActiveCfg = Release|Any CPU
		{8506A294-377B-BE25-6212-C64E3A507C5D}.Release|Any CPU.Build.0 = Release|Any CPU
	EndGlobalSection
	GlobalSection(SolutionProperties) = preSolution
		HideSolutionNode = FALSE
	EndGlobalSection
EndGlobal
